
Microsoft Visual Studio Solution File, Format Version 12.00
# Visual Studio 15
VisualStudioVersion = 15.0.27703.2035
MinimumVisualStudioVersion = 10.0.40219.1
Project("{FAE04EC0-301F-11D3-BF4B-00C04F79EFBC}") = "MyBank", "MyBank\MyBank.csproj", "{87892B46-A277-44A2-96E3-E2C232284A4F}"
EndProject
Global
	GlobalSection(SolutionConfigurationPlatforms) = preSolution
		Debug|Any CPU = Debug|Any CPU
		Release|Any CPU = Release|Any CPU
	EndGlobalSection
	GlobalSection(ProjectConfigurationPlatforms) = postSolution
		{87892B46-A277-44A2-96E3-E2C232284A4F}.Debug|Any CPU.ActiveCfg = Debug|Any CPU
		{87892B46-A277-44A2-96E3-E2C232284A4F}.Debug|Any CPU.Build.0 = Debug|Any CPU
		{87892B46-A277-44A2-96E3-E2C232284A4F}.Release|Any CPU.ActiveCfg = Release|Any CPU
		{87892B46-A277-44A2-96E3-E2C232284A4F}.Release|Any CPU.Build.0 = Release|Any CPU
	EndGlobalSection
	GlobalSection(SolutionProperties) = preSolution
		HideSolutionNode = FALSE
	EndGlobalSection
	GlobalSection(ExtensibilityGlobals) = postSolution
		SolutionGuid = {8EF73B3D-3EA6-426B-9607-D8F67C4F8AEB}
	EndGlobalSection
EndGlobal
